
Microsoft Visual Studio Solution File, Format Version 12.00
# Visual Studio Version 17
VisualStudioVersion = 17.11.35312.102
MinimumVisualStudioVersion = 10.0.40219.1
Project("{9A19103F-16F7-4668-BE54-9A1E7A4F7556}") = "Tyuiu.StrekalovRA.Sprint4.Task0.V14", "Tyuiu.StrekalovRA.Sprint4.Task0.V14\Tyuiu.StrekalovRA.Sprint4.Task0.V14.csproj", "{C7245BBE-4F11-4C6A-9E0C-E687D1C33173}"
EndProject
Project("{9A19103F-16F7-4668-BE54-9A1E7A4F7556}") = "Tyuiu.StrekalovRA.Sprint4.Task0.V14.Lib", "Tyuiu.StrekalovRA.Sprint4.Task0.V14.Lib\Tyuiu.StrekalovRA.Sprint4.Task0.V14.Lib.csproj", "{06917D0B-2221-4AD5-A1F6-AB45C7375D23}"
EndProject
Project("{9A19103F-16F7-4668-BE54-9A1E7A4F7556}") = "Tyuiu.StrekalovRA.Sprint4.Task0.V14.Test", "Tyuiu.StrekalovRA.Sprint4.Task0.V14.Test\Tyuiu.StrekalovRA.Sprint4.Task0.V14.Test.csproj", "{7F0B3856-B837-4326-A1EF-D89DDDAE91BE}"
EndProject
Project("{9A19103F-16F7-4668-BE54-9A1E7A4F7556}") = "Tyuiu.StrekalovRA.Sprint4.Task1.V28", "Tyuiu.StrekalovRA.Sprint4.Task1.V28\Tyuiu.StrekalovRA.Sprint4.Task1.V28.csproj", "{9D0CD204-E2D8-4523-8A2F-A2F08E9DF782}"
EndProject
Project("{9A19103F-16F7-4668-BE54-9A1E7A4F7556}") = "Tyuiu.StrekalovRA.Sprint4.Task1.V28.Lib", "Tyuiu.StrekalovRA.Sprint4.Task1.V28.Lib\Tyuiu.StrekalovRA.Sprint4.Task1.V28.Lib.csproj", "{3BBDF0A2-6065-493E-BDC8-2265B4FA1611}"
EndProject
Project("{9A19103F-16F7-4668-BE54-9A1E7A4F7556}") = "Tyuiu.StrekalovRA.Sprint4.Task1.V28.Test", "Tyuiu.StrekalovRA.Sprint4.Task1.V28.Test\Tyuiu.StrekalovRA.Sprint4.Task1.V28.Test.csproj", "{03E4503E-53F3-4509-A9BC-C17037E0CF4F}"
EndProject
Project("{2150E333-8FDC-42A3-9474-1A3956D46DE8}") = "TASK_0", "TASK_0", "{F2BE0237-B962-47BD-8195-FD471EA4D55C}"
EndProject
Project("{2150E333-8FDC-42A3-9474-1A3956D46DE8}") = "TASK_1", "TASK_1", "{98F1697C-1592-49B5-B55D-8811525BEB84}"
EndProject
Project("{2150E333-8FDC-42A3-9474-1A3956D46DE8}") = "TASK_2", "TASK_2", "{38F72CFC-77FF-4423-B8CA-E5D9D00129DF}"
EndProject
Project("{9A19103F-16F7-4668-BE54-9A1E7A4F7556}") = "Tyuiu.StrekalovRA.Sprint4.Task2.V21.Lib", "Tyuiu.StrekalovRA.Sprint4.Task2.V21.Lib\Tyuiu.StrekalovRA.Sprint4.Task2.V21.Lib.csproj", "{B7B5D1AC-7507-408D-8558-CED463BC0193}"
EndProject
Project("{9A19103F-16F7-4668-BE54-9A1E7A4F7556}") = "Tyuiu.StrekalovRA.Sprint4.Task2.V21", "Tyuiu.StrekalovRA.Sprint4.Task2.V21\Tyuiu.StrekalovRA.Sprint4.Task2.V21.csproj", "{40FA0FB5-BDDB-4AF9-A110-CE56B741DD38}"
EndProject
Project("{9A19103F-16F7-4668-BE54-9A1E7A4F7556}") = "Tyuiu.StrekalovRA.Sprint4.Task2.V21.Test", "Tyuiu.StrekalovRA.Sprint4.Task2.V21.Test\Tyuiu.StrekalovRA.Sprint4.Task2.V21.Test.csproj", "{17A103DD-49E7-4241-A994-C208AD056917}"
EndProject
Project("{2150E333-8FDC-42A3-9474-1A3956D46DE8}") = "TASK_3", "TASK_3", "{0D708F28-788E-4571-93F1-F59E070B4F59}"
EndProject
Project("{9A19103F-16F7-4668-BE54-9A1E7A4F7556}") = "Tyuiu.StrekalovRA.Sprint4.Task3.V2", "Tyuiu.StrekalovRA.Sprint4.Task3.V2\Tyuiu.StrekalovRA.Sprint4.Task3.V2.csproj", "{C722D83E-5826-49FA-AB0D-63912714878A}"
EndProject
Project("{9A19103F-16F7-4668-BE54-9A1E7A4F7556}") = "Tyuiu.StrekalovRA.Sprint4.Task3.V2.Lib", "Tyuiu.StrekalovRA.Sprint4.Task3.V2.Lib\Tyuiu.StrekalovRA.Sprint4.Task3.V2.Lib.csproj", "{FA29ABED-45D7-4D42-BAB8-FE212A3963D9}"
EndProject
Project("{9A19103F-16F7-4668-BE54-9A1E7A4F7556}") = "Tyuiu.StrekalovRA.Sprint4.Task3.V2.Test", "Tyuiu.StrekalovRA.Sprint4.Task3.V2.Test\Tyuiu.StrekalovRA.Sprint4.Task3.V2.Test.csproj", "{124858FD-3135-4119-830F-0959F962BE93}"
EndProject
Project("{2150E333-8FDC-42A3-9474-1A3956D46DE8}") = "TASK_4", "TASK_4", "{499B31D1-E6D9-4EF4-A08A-E717672C1922}"
EndProject
Project("{FAE04EC0-301F-11D3-BF4B-00C04F79EFBC}") = "Tyuiu.StrekalovRA.Sprint4.Task4.V27", "Tyuiu.StrekalovRA.Sprint4.Task4.V27\Tyuiu.StrekalovRA.Sprint4.Task4.V27.csproj", "{78FF4611-01CA-4EED-A562-E286C1B8F7BB}"
EndProject
Project("{FAE04EC0-301F-11D3-BF4B-00C04F79EFBC}") = "Tyuiu.StrekalovRA.Sprint4.Task4.V27.Lib", "Tyuiu.StrekalovRA.Sprint4.Task4.V27.Lib\Tyuiu.StrekalovRA.Sprint4.Task4.V27.Lib.csproj", "{3BCC39B5-5435-4736-AB28-9F513BC62595}"
EndProject
Project("{FAE04EC0-301F-11D3-BF4B-00C04F79EFBC}") = "Tyuiu.StrekalovRA.Sprint4.Task4.V27.Test", "Tyuiu.StrekalovRA.Sprint4.Task4.V27.Test\Tyuiu.StrekalovRA.Sprint4.Task4.V27.Test.csproj", "{849E20A8-DDEB-4009-8452-B5AA7C78BEE6}"
EndProject
Project("{2150E333-8FDC-42A3-9474-1A3956D46DE8}") = "TASK_5", "TASK_5", "{572AAE2A-5321-4A58-A045-70616AF9E04B}"
EndProject
Project("{FAE04EC0-301F-11D3-BF4B-00C04F79EFBC}") = "Tyuiu.StrekalovRA.Sprint4.Task5.V18", "Tyuiu.StrekalovRA.Sprint4.Task5.V18\Tyuiu.StrekalovRA.Sprint4.Task5.V18.csproj", "{4253C60D-6F52-46EC-B2B6-A2275F4E71E8}"
EndProject
Project("{FAE04EC0-301F-11D3-BF4B-00C04F79EFBC}") = "Tyuiu.StrekalovRA.Sprint4.Task5.V18.Lib", "Tyuiu.StrekalovRA.Sprint4.Task5.V18.Lib\Tyuiu.StrekalovRA.Sprint4.Task5.V18.Lib.csproj", "{814E9D62-1E84-4EB8-8E50-6FCB3A6B3A4F}"
EndProject
Project("{FAE04EC0-301F-11D3-BF4B-00C04F79EFBC}") = "Tyuiu.StrekalovRA.Sprint4.Task5.V18.Test", "Tyuiu.StrekalovRA.Sprint4.Task5.V18.Test\Tyuiu.StrekalovRA.Sprint4.Task5.V18.Test.csproj", "{56028DC2-76EB-4CC2-9EB7-0274529BAAEE}"
EndProject
Project("{2150E333-8FDC-42A3-9474-1A3956D46DE8}") = "TASK_6", "TASK_6", "{8A0233FA-EF30-4777-83D6-6C762485574D}"
EndProject
Project("{FAE04EC0-301F-11D3-BF4B-00C04F79EFBC}") = "Tyuiu.StrekalovRA.Sprint4.Task6.V29", "Tyuiu.StrekalovRA.Sprint4.Task6.V29\Tyuiu.StrekalovRA.Sprint4.Task6.V29.csproj", "{F5EE32A1-AECA-4043-BE78-1042011A8341}"
EndProject
Project("{FAE04EC0-301F-11D3-BF4B-00C04F79EFBC}") = "Tyuiu.StrekalovRA.Sprint4.Task6.V29.Lib", "Tyuiu.StrekalovRA.Sprint4.Task6.V29.Lib\Tyuiu.StrekalovRA.Sprint4.Task6.V29.Lib.csproj", "{3ECCF027-C71C-4728-A56B-63C3AB0270DE}"
EndProject
Project("{FAE04EC0-301F-11D3-BF4B-00C04F79EFBC}") = "Tyuiu.StrekalovRA.Sprint4.Task6.V29.Test", "Tyuiu.StrekalovRA.Sprint4.Task6.V29.Test\Tyuiu.StrekalovRA.Sprint4.Task6.V29.Test.csproj", "{AFAC7A6A-EF6D-4519-8237-5E6CE4824173}"
EndProject
Project("{2150E333-8FDC-42A3-9474-1A3956D46DE8}") = "TASK_7", "TASK_7", "{47B8C53B-D9AD-444D-9EB6-8EBE81DC13C3}"
EndProject
Project("{FAE04EC0-301F-11D3-BF4B-00C04F79EFBC}") = "Tyuiu.StrekalovRA.Sprint4.Task7.V22", "Tyuiu.StrekalovRA.Sprint4.Task7.V22\Tyuiu.StrekalovRA.Sprint4.Task7.V22.csproj", "{26884807-30EF-4CB5-86F8-26E2C0D8EA84}"
EndProject
Project("{FAE04EC0-301F-11D3-BF4B-00C04F79EFBC}") = "Tyuiu.StrekalovRA.Sprint4.Task7.V22.Lib", "Tyuiu.StrekalovRA.Sprint4.Task7.V22.Lib\Tyuiu.StrekalovRA.Sprint4.Task7.V22.Lib.csproj", "{826A5159-21E9-474E-8B21-B7FFEE643F2F}"
EndProject
Project("{FAE04EC0-301F-11D3-BF4B-00C04F79EFBC}") = "Tyuiu.StrekalovRA.Sprint4.Task7.V22.Test", "Tyuiu.StrekalovRA.Sprint4.Task7.V22.Test\Tyuiu.StrekalovRA.Sprint4.Task7.V22.Test.csproj", "{C4B37002-61BF-4A15-B87A-4C0B0395FC72}"
EndProject
Global
	GlobalSection(SolutionConfigurationPlatforms) = preSolution
		Debug|Any CPU = Debug|Any CPU
		Release|Any CPU = Release|Any CPU
	EndGlobalSection
	GlobalSection(ProjectConfigurationPlatforms) = postSolution
		{C7245BBE-4F11-4C6A-9E0C-E687D1C33173}.Debug|Any CPU.ActiveCfg = Debug|Any CPU
		{C7245BBE-4F11-4C6A-9E0C-E687D1C33173}.Debug|Any CPU.Build.0 = Debug|Any CPU
		{C7245BBE-4F11-4C6A-9E0C-E687D1C33173}.Release|Any CPU.ActiveCfg = Release|Any CPU
		{C7245BBE-4F11-4C6A-9E0C-E687D1C33173}.Release|Any CPU.Build.0 = Release|Any CPU
		{06917D0B-2221-4AD5-A1F6-AB45C7375D23}.Debug|Any CPU.ActiveCfg = Debug|Any CPU
		{06917D0B-2221-4AD5-A1F6-AB45C7375D23}.Debug|Any CPU.Build.0 = Debug|Any CPU
		{06917D0B-2221-4AD5-A1F6-AB45C7375D23}.Release|Any CPU.ActiveCfg = Release|Any CPU
		{06917D0B-2221-4AD5-A1F6-AB45C7375D23}.Release|Any CPU.Build.0 = Release|Any CPU
		{7F0B3856-B837-4326-A1EF-D89DDDAE91BE}.Debug|Any CPU.ActiveCfg = Debug|Any CPU
		{7F0B3856-B837-4326-A1EF-D89DDDAE91BE}.Debug|Any CPU.Build.0 = Debug|Any CPU
		{7F0B3856-B837-4326-A1EF-D89DDDAE91BE}.Release|Any CPU.ActiveCfg = Release|Any CPU
		{7F0B3856-B837-4326-A1EF-D89DDDAE91BE}.Release|Any CPU.Build.0 = Release|Any CPU
		{9D0CD204-E2D8-4523-8A2F-A2F08E9DF782}.Debug|Any CPU.ActiveCfg = Debug|Any CPU
		{9D0CD204-E2D8-4523-8A2F-A2F08E9DF782}.Debug|Any CPU.Build.0 = Debug|Any CPU
		{9D0CD204-E2D8-4523-8A2F-A2F08E9DF782}.Release|Any CPU.ActiveCfg = Release|Any CPU
		{9D0CD204-E2D8-4523-8A2F-A2F08E9DF782}.Release|Any CPU.Build.0 = Release|Any CPU
		{3BBDF0A2-6065-493E-BDC8-2265B4FA1611}.Debug|Any CPU.ActiveCfg = Debug|Any CPU
		{3BBDF0A2-6065-493E-BDC8-2265B4FA1611}.Debug|Any CPU.Build.0 = Debug|Any CPU
		{3BBDF0A2-6065-493E-BDC8-2265B4FA1611}.Release|Any CPU.ActiveCfg = Release|Any CPU
		{3BBDF0A2-6065-493E-BDC8-2265B4FA1611}.Release|Any CPU.Build.0 = Release|Any CPU
		{03E4503E-53F3-4509-A9BC-C17037E0CF4F}.Debug|Any CPU.ActiveCfg = Debug|Any CPU
		{03E4503E-53F3-4509-A9BC-C17037E0CF4F}.Debug|Any CPU.Build.0 = Debug|Any CPU
		{03E4503E-53F3-4509-A9BC-C17037E0CF4F}.Release|Any CPU.ActiveCfg = Release|Any CPU
		{03E4503E-53F3-4509-A9BC-C17037E0CF4F}.Release|Any CPU.Build.0 = Release|Any CPU
		{B7B5D1AC-7507-408D-8558-CED463BC0193}.Debug|Any CPU.ActiveCfg = Debug|Any CPU
		{B7B5D1AC-7507-408D-8558-CED463BC0193}.Debug|Any CPU.Build.0 = Debug|Any CPU
		{B7B5D1AC-7507-408D-8558-CED463BC0193}.Release|Any CPU.ActiveCfg = Release|Any CPU
		{B7B5D1AC-7507-408D-8558-CED463BC0193}.Release|Any CPU.Build.0 = Release|Any CPU
		{40FA0FB5-BDDB-4AF9-A110-CE56B741DD38}.Debug|Any CPU.ActiveCfg = Debug|Any CPU
		{40FA0FB5-BDDB-4AF9-A110-CE56B741DD38}.Debug|Any CPU.Build.0 = Debug|Any CPU
		{40FA0FB5-BDDB-4AF9-A110-CE56B741DD38}.Release|Any CPU.ActiveCfg = Release|Any CPU
		{40FA0FB5-BDDB-4AF9-A110-CE56B741DD38}.Release|Any CPU.Build.0 = Release|Any CPU
		{17A103DD-49E7-4241-A994-C208AD056917}.Debug|Any CPU.ActiveCfg = Debug|Any CPU
		{17A103DD-49E7-4241-A994-C208AD056917}.Debug|Any CPU.Build.0 = Debug|Any CPU
		{17A103DD-49E7-4241-A994-C208AD056917}.Release|Any CPU.ActiveCfg = Release|Any CPU
		{17A103DD-49E7-4241-A994-C208AD056917}.Release|Any CPU.Build.0 = Release|Any CPU
		{C722D83E-5826-49FA-AB0D-63912714878A}.Debug|Any CPU.ActiveCfg = Debug|Any CPU
		{C722D83E-5826-49FA-AB0D-63912714878A}.Debug|Any CPU.Build.0 = Debug|Any CPU
		{C722D83E-5826-49FA-AB0D-63912714878A}.Release|Any CPU.ActiveCfg = Release|Any CPU
		{C722D83E-5826-49FA-AB0D-63912714878A}.Release|Any CPU.Build.0 = Release|Any CPU
		{FA29ABED-45D7-4D42-BAB8-FE212A3963D9}.Debug|Any CPU.ActiveCfg = Debug|Any CPU
		{FA29ABED-45D7-4D42-BAB8-FE212A3963D9}.Debug|Any CPU.Build.0 = Debug|Any CPU
		{FA29ABED-45D7-4D42-BAB8-FE212A3963D9}.Release|Any CPU.ActiveCfg = Release|Any CPU
		{FA29ABED-45D7-4D42-BAB8-FE212A3963D9}.Release|Any CPU.Build.0 = Release|Any CPU
		{124858FD-3135-4119-830F-0959F962BE93}.Debug|Any CPU.ActiveCfg = Debug|Any CPU
		{124858FD-3135-4119-830F-0959F962BE93}.Debug|Any CPU.Build.0 = Debug|Any CPU
		{124858FD-3135-4119-830F-0959F962BE93}.Release|Any CPU.ActiveCfg = Release|Any CPU
		{124858FD-3135-4119-830F-0959F962BE93}.Release|Any CPU.Build.0 = Release|Any CPU
		{78FF4611-01CA-4EED-A562-E286C1B8F7BB}.Debug|Any CPU.ActiveCfg = Debug|Any CPU
		{78FF4611-01CA-4EED-A562-E286C1B8F7BB}.Debug|Any CPU.Build.0 = Debug|Any CPU
		{78FF4611-01CA-4EED-A562-E286C1B8F7BB}.Release|Any CPU.ActiveCfg = Release|Any CPU
		{78FF4611-01CA-4EED-A562-E286C1B8F7BB}.Release|Any CPU.Build.0 = Release|Any CPU
		{3BCC39B5-5435-4736-AB28-9F513BC62595}.Debug|Any CPU.ActiveCfg = Debug|Any CPU
		{3BCC39B5-5435-4736-AB28-9F513BC62595}.Debug|Any CPU.Build.0 = Debug|Any CPU
		{3BCC39B5-5435-4736-AB28-9F513BC62595}.Release|Any CPU.ActiveCfg = Release|Any CPU
		{3BCC39B5-5435-4736-AB28-9F513BC62595}.Release|Any CPU.Build.0 = Release|Any CPU
		{849E20A8-DDEB-4009-8452-B5AA7C78BEE6}.Debug|Any CPU.ActiveCfg = Debug|Any CPU
		{849E20A8-DDEB-4009-8452-B5AA7C78BEE6}.Debug|Any CPU.Build.0 = Debug|Any CPU
		{849E20A8-DDEB-4009-8452-B5AA7C78BEE6}.Release|Any CPU.ActiveCfg = Release|Any CPU
		{849E20A8-DDEB-4009-8452-B5AA7C78BEE6}.Release|Any CPU.Build.0 = Release|Any CPU
		{4253C60D-6F52-46EC-B2B6-A2275F4E71E8}.Debug|Any CPU.ActiveCfg = Debug|Any CPU
		{4253C60D-6F52-46EC-B2B6-A2275F4E71E8}.Debug|Any CPU.Build.0 = Debug|Any CPU
		{4253C60D-6F52-46EC-B2B6-A2275F4E71E8}.Release|Any CPU.ActiveCfg = Release|Any CPU
		{4253C60D-6F52-46EC-B2B6-A2275F4E71E8}.Release|Any CPU.Build.0 = Release|Any CPU
		{814E9D62-1E84-4EB8-8E50-6FCB3A6B3A4F}.Debug|Any CPU.ActiveCfg = Debug|Any CPU
		{814E9D62-1E84-4EB8-8E50-6FCB3A6B3A4F}.Debug|Any CPU.Build.0 = Debug|Any CPU
		{814E9D62-1E84-4EB8-8E50-6FCB3A6B3A4F}.Release|Any CPU.ActiveCfg = Release|Any CPU
		{814E9D62-1E84-4EB8-8E50-6FCB3A6B3A4F}.Release|Any CPU.Build.0 = Release|Any CPU
		{56028DC2-76EB-4CC2-9EB7-0274529BAAEE}.Debug|Any CPU.ActiveCfg = Debug|Any CPU
		{56028DC2-76EB-4CC2-9EB7-0274529BAAEE}.Debug|Any CPU.Build.0 = Debug|Any CPU
		{56028DC2-76EB-4CC2-9EB7-0274529BAAEE}.Release|Any CPU.ActiveCfg = Release|Any CPU
		{56028DC2-76EB-4CC2-9EB7-0274529BAAEE}.Release|Any CPU.Build.0 = Release|Any CPU
		{F5EE32A1-AECA-4043-BE78-1042011A8341}.Debug|Any CPU.ActiveCfg = Debug|Any CPU
		{F5EE32A1-AECA-4043-BE78-1042011A8341}.Debug|Any CPU.Build.0 = Debug|Any CPU
		{F5EE32A1-AECA-4043-BE78-1042011A8341}.Release|Any CPU.ActiveCfg = Release|Any CPU
		{F5EE32A1-AECA-4043-BE78-1042011A8341}.Release|Any CPU.Build.0 = Release|Any CPU
		{3ECCF027-C71C-4728-A56B-63C3AB0270DE}.Debug|Any CPU.ActiveCfg = Debug|Any CPU
		{3ECCF027-C71C-4728-A56B-63C3AB0270DE}.Debug|Any CPU.Build.0 = Debug|Any CPU
		{3ECCF027-C71C-4728-A56B-63C3AB0270DE}.Release|Any CPU.ActiveCfg = Release|Any CPU
		{3ECCF027-C71C-4728-A56B-63C3AB0270DE}.Release|Any CPU.Build.0 = Release|Any CPU
		{AFAC7A6A-EF6D-4519-8237-5E6CE4824173}.Debug|Any CPU.ActiveCfg = Debug|Any CPU
		{AFAC7A6A-EF6D-4519-8237-5E6CE4824173}.Debug|Any CPU.Build.0 = Debug|Any CPU
		{AFAC7A6A-EF6D-4519-8237-5E6CE4824173}.Release|Any CPU.ActiveCfg = Release|Any CPU
		{AFAC7A6A-EF6D-4519-8237-5E6CE4824173}.Release|Any CPU.Build.0 = Release|Any CPU
		{26884807-30EF-4CB5-86F8-26E2C0D8EA84}.Debug|Any CPU.ActiveCfg = Debug|Any CPU
		{26884807-30EF-4CB5-86F8-26E2C0D8EA84}.Debug|Any CPU.Build.0 = Debug|Any CPU
		{26884807-30EF-4CB5-86F8-26E2C0D8EA84}.Release|Any CPU.ActiveCfg = Release|Any CPU
		{26884807-30EF-4CB5-86F8-26E2C0D8EA84}.Release|Any CPU.Build.0 = Release|Any CPU
		{826A5159-21E9-474E-8B21-B7FFEE643F2F}.Debug|Any CPU.ActiveCfg = Debug|Any CPU
		{826A5159-21E9-474E-8B21-B7FFEE643F2F}.Debug|Any CPU.Build.0 = Debug|Any CPU
		{826A5159-21E9-474E-8B21-B7FFEE643F2F}.Release|Any CPU.ActiveCfg = Release|Any CPU
		{826A5159-21E9-474E-8B21-B7FFEE643F2F}.Release|Any CPU.Build.0 = Release|Any CPU
		{C4B37002-61BF-4A15-B87A-4C0B0395FC72}.Debug|Any CPU.ActiveCfg = Debug|Any CPU
		{C4B37002-61BF-4A15-B87A-4C0B0395FC72}.Debug|Any CPU.Build.0 = Debug|Any CPU
		{C4B37002-61BF-4A15-B87A-4C0B0395FC72}.Release|Any CPU.ActiveCfg = Release|Any CPU
		{C4B37002-61BF-4A15-B87A-4C0B0395FC72}.Release|Any CPU.Build.0 = Release|Any CPU
	EndGlobalSection
	GlobalSection(SolutionProperties) = preSolution
		HideSolutionNode = FALSE
	EndGlobalSection
	GlobalSection(NestedProjects) = preSolution
		{C7245BBE-4F11-4C6A-9E0C-E687D1C33173} = {F2BE0237-B962-47BD-8195-FD471EA4D55C}
		{06917D0B-2221-4AD5-A1F6-AB45C7375D23} = {F2BE0237-B962-47BD-8195-FD471EA4D55C}
		{7F0B3856-B837-4326-A1EF-D89DDDAE91BE} = {F2BE0237-B962-47BD-8195-FD471EA4D55C}
		{9D0CD204-E2D8-4523-8A2F-A2F08E9DF782} = {98F1697C-1592-49B5-B55D-8811525BEB84}
		{3BBDF0A2-6065-493E-BDC8-2265B4FA1611} = {98F1697C-1592-49B5-B55D-8811525BEB84}
		{03E4503E-53F3-4509-A9BC-C17037E0CF4F} = {98F1697C-1592-49B5-B55D-8811525BEB84}
		{B7B5D1AC-7507-408D-8558-CED463BC0193} = {38F72CFC-77FF-4423-B8CA-E5D9D00129DF}
		{40FA0FB5-BDDB-4AF9-A110-CE56B741DD38} = {38F72CFC-77FF-4423-B8CA-E5D9D00129DF}
		{17A103DD-49E7-4241-A994-C208AD056917} = {38F72CFC-77FF-4423-B8CA-E5D9D00129DF}
		{C722D83E-5826-49FA-AB0D-63912714878A} = {0D708F28-788E-4571-93F1-F59E070B4F59}
		{FA29ABED-45D7-4D42-BAB8-FE212A3963D9} = {0D708F28-788E-4571-93F1-F59E070B4F59}
		{124858FD-3135-4119-830F-0959F962BE93} = {0D708F28-788E-4571-93F1-F59E070B4F59}
		{78FF4611-01CA-4EED-A562-E286C1B8F7BB} = {499B31D1-E6D9-4EF4-A08A-E717672C1922}
		{3BCC39B5-5435-4736-AB28-9F513BC62595} = {499B31D1-E6D9-4EF4-A08A-E717672C1922}
		{849E20A8-DDEB-4009-8452-B5AA7C78BEE6} = {499B31D1-E6D9-4EF4-A08A-E717672C1922}
		{4253C60D-6F52-46EC-B2B6-A2275F4E71E8} = {572AAE2A-5321-4A58-A045-70616AF9E04B}
		{814E9D62-1E84-4EB8-8E50-6FCB3A6B3A4F} = {572AAE2A-5321-4A58-A045-70616AF9E04B}
		{56028DC2-76EB-4CC2-9EB7-0274529BAAEE} = {572AAE2A-5321-4A58-A045-70616AF9E04B}
		{F5EE32A1-AECA-4043-BE78-1042011A8341} = {8A0233FA-EF30-4777-83D6-6C762485574D}
		{3ECCF027-C71C-4728-A56B-63C3AB0270DE} = {8A0233FA-EF30-4777-83D6-6C762485574D}
		{AFAC7A6A-EF6D-4519-8237-5E6CE4824173} = {8A0233FA-EF30-4777-83D6-6C762485574D}
		{26884807-30EF-4CB5-86F8-26E2C0D8EA84} = {47B8C53B-D9AD-444D-9EB6-8EBE81DC13C3}
		{826A5159-21E9-474E-8B21-B7FFEE643F2F} = {47B8C53B-D9AD-444D-9EB6-8EBE81DC13C3}
		{C4B37002-61BF-4A15-B87A-4C0B0395FC72} = {47B8C53B-D9AD-444D-9EB6-8EBE81DC13C3}
	EndGlobalSection
	GlobalSection(ExtensibilityGlobals) = postSolution
		SolutionGuid = {33554B3A-B574-42D9-898B-736F50ACD78B}
	EndGlobalSection
EndGlobal
